Microsoft Visual Studio Solution File, Format Version 12.00
# Visual Studio Version 17
VisualStudioVersion = 17.5.2.0
MinimumVisualStudioVersion = 10.0.40219.1
Project("{FAE04EC0-301F-11D3-BF4B-00C04F79EFBC}") = "RotaApplication 1.0.0", "RotaApplication 1.0.0.csproj", "{A1684088-87C9-C8D0-1C5A-BBA64EC75240}"
EndProject
Global
	GlobalSection(SolutionConfigurationPlatforms) = preSolution
		Debug|Any CPU = Debug|Any CPU
		Release|Any CPU = Release|Any CPU
	EndGlobalSection
	GlobalSection(ProjectConfigurationPlatforms) = postSolution
		{A1684088-87C9-C8D0-1C5A-BBA64EC75240}.Debug|Any CPU.ActiveCfg = Debug|Any CPU
		{A1684088-87C9-C8D0-1C5A-BBA64EC75240}.Debug|Any CPU.Build.0 = Debug|Any CPU
		{A1684088-87C9-C8D0-1C5A-BBA64EC75240}.Release|Any CPU.ActiveCfg = Release|Any CPU
		{A1684088-87C9-C8D0-1C5A-BBA64EC75240}.Release|Any CPU.Build.0 = Release|Any CPU
	EndGlobalSection
	GlobalSection(SolutionProperties) = preSolution
		HideSolutionNode = FALSE
	EndGlobalSection
	GlobalSection(ExtensibilityGlobals) = postSolution
		SolutionGuid = {8C44CABF-2600-43A2-A6DF-2C1E1E08C123}
	EndGlobalSection
EndGlobal
